// !$*UTF8*$!
{
	archiveVersion = 1;
	classes = {
	};
	objectVersion = 55;
	objects = {

/* Begin PBXBuildFile section */
		2D084E7227BD610C0093FCC2 /* Assets.xcassets in Resources */ = {isa = PBXBuildFile; fileRef = 2D084E7127BD610C0093FCC2 /* Assets.xcassets */; };
		2D14F43D27B56A7600F4A6AC /* AppDelegate.swift in Sources */ = {isa = PBXBuildFile; fileRef = 2D14F43C27B56A7600F4A6AC /* AppDelegate.swift */; };
		2D14F43F27B56A7600F4A6AC /* SceneDelegate.swift in Sources */ = {isa = PBXBuildFile; fileRef = 2D14F43E27B56A7600F4A6AC /* SceneDelegate.swift */; };
		2D14F44427B56A7600F4A6AC /* Main.storyboard in Resources */ = {isa = PBXBuildFile; fileRef = 2D14F44227B56A7600F4A6AC /* Main.storyboard */; };
		2D14F44927B56A7A00F4A6AC /* LaunchScreen.storyboard in Resources */ = {isa = PBXBuildFile; fileRef = 2D14F44727B56A7A00F4A6AC /* LaunchScreen.storyboard */; };
		2D14F45427B5754700F4A6AC /* GuideTextBlock.swift in Sources */ = {isa = PBXBuildFile; fileRef = 2D14F45127B5754700F4A6AC /* GuideTextBlock.swift */; };
		2D14F45527B5754700F4A6AC /* Month.swift in Sources */ = {isa = PBXBuildFile; fileRef = 2D14F45227B5754700F4A6AC /* Month.swift */; };
		2D14F45627B5754700F4A6AC /* ModelData.swift in Sources */ = {isa = PBXBuildFile; fileRef = 2D14F45327B5754700F4A6AC /* ModelData.swift */; };
		2D14F45927B5757F00F4A6AC /* guideTextBlocksData.json in Resources */ = {isa = PBXBuildFile; fileRef = 2D14F45727B5757F00F4A6AC /* guideTextBlocksData.json */; };
		2D14F45A27B5757F00F4A6AC /* monthsData.json in Resources */ = {isa = PBXBuildFile; fileRef = 2D14F45827B5757F00F4A6AC /* monthsData.json */; };
		2D47FB5627E3624C00FC699F /* GuideViewController.swift in Sources */ = {isa = PBXBuildFile; fileRef = 2D47FB5527E3624C00FC699F /* GuideViewController.swift */; };
		2D47FB5827E370F000FC699F /* ModelUtils.swift in Sources */ = {isa = PBXBuildFile; fileRef = 2D47FB5727E370F000FC699F /* ModelUtils.swift */; };
		2D47FB5B27E37FDC00FC699F /* MainViewController.swift in Sources */ = {isa = PBXBuildFile; fileRef = 2D47FB5A27E37FDC00FC699F /* MainViewController.swift */; };
		2DBB4E9927E9D85200CEA2FB /* ContentStackView.swift in Sources */ = {isa = PBXBuildFile; fileRef = 2DBB4E9827E9D85200CEA2FB /* ContentStackView.swift */; };
		2DBB4EAC27EA0CDD00CEA2FB /* WelcomeBottomSheetView.swift in Sources */ = {isa = PBXBuildFile; fileRef = 2DBB4EAB27EA0CDD00CEA2FB /* WelcomeBottomSheetView.swift */; };
		2DBB4EAE27EA344F00CEA2FB /* BottomSheetView.swift in Sources */ = {isa = PBXBuildFile; fileRef = 2DBB4EAD27EA344F00CEA2FB /* BottomSheetView.swift */; };
		2DD2A64827E8DC9B00AC94D6 /* months videos in Resources */ = {isa = PBXBuildFile; fileRef = 2DD2A64727E8DC9B00AC94D6 /* months videos */; };
/* End PBXBuildFile section */

/* Begin PBXFileReference section */
		2D084E7127BD610C0093FCC2 /* Assets.xcassets */ = {isa = PBXFileReference; lastKnownFileType = folder.assetcatalog; path = Assets.xcassets; sourceTree = "<group>"; };
		2D14F43927B56A7600F4A6AC /* IET Calendar.app */ = {isa = PBXFileReference; explicitFileType = wrapper.application; includeInIndex = 0; path = "IET Calendar.app"; sourceTree = BUILT_PRODUCTS_DIR; };
		2D14F43C27B56A7600F4A6AC /* AppDelegate.swift */ = {isa = PBXFileReference; lastKnownFileType = sourcecode.swift; path = AppDelegate.swift; sourceTree = "<group>"; };
		2D14F43E27B56A7600F4A6AC /* SceneDelegate.swift */ = {isa = PBXFileReference; lastKnownFileType = sourcecode.swift; path = SceneDelegate.swift; sourceTree = "<group>"; };
		2D14F44327B56A7600F4A6AC /* Base */ = {isa = PBXFileReference; lastKnownFileType = file.storyboard; name = Base; path = Base.lproj/Main.storyboard; sourceTree = "<group>"; };
		2D14F44827B56A7A00F4A6AC /* Base */ = {isa = PBXFileReference; lastKnownFileType = file.storyboard; name = Base; path = Base.lproj/LaunchScreen.storyboard; sourceTree = "<group>"; };
		2D14F44A27B56A7A00F4A6AC /* Info.plist */ = {isa = PBXFileReference; lastKnownFileType = text.plist.xml; path = Info.plist; sourceTree = "<group>"; };
		2D14F45127B5754700F4A6AC /* GuideTextBlock.swift */ = {isa = PBXFileReference; fileEncoding = 4; lastKnownFileType = sourcecode.swift; path = GuideTextBlock.swift; sourceTree = "<group>"; };
		2D14F45227B5754700F4A6AC /* Month.swift */ = {isa = PBXFileReference; fileEncoding = 4; lastKnownFileType = sourcecode.swift; path = Month.swift; sourceTree = "<group>"; };
		2D14F45327B5754700F4A6AC /* ModelData.swift */ = {isa = PBXFileReference; fileEncoding = 4; lastKnownFileType = sourcecode.swift; path = ModelData.swift; sourceTree = "<group>"; };
		2D14F45727B5757F00F4A6AC /* guideTextBlocksData.json */ = {isa = PBXFileReference; fileEncoding = 4; lastKnownFileType = text.json; path = guideTextBlocksData.json; sourceTree = "<group>"; };
		2D14F45827B5757F00F4A6AC /* monthsData.json */ = {isa = PBXFileReference; fileEncoding = 4; lastKnownFileType = text.json; path = monthsData.json; sourceTree = "<group>"; };
		2D47FB5527E3624C00FC699F /* GuideViewController.swift */ = {isa = PBXFileReference; lastKnownFileType = sourcecode.swift; path = GuideViewController.swift; sourceTree = "<group>"; };
		2D47FB5727E370F000FC699F /* ModelUtils.swift */ = {isa = PBXFileReference; lastKnownFileType = sourcecode.swift; path = ModelUtils.swift; sourceTree = "<group>"; };
		2D47FB5A27E37FDC00FC699F /* MainViewController.swift */ = {isa = PBXFileReference; lastKnownFileType = sourcecode.swift; path = MainViewController.swift; sourceTree = "<group>"; };
		2DBB4E9827E9D85200CEA2FB /* ContentStackView.swift */ = {isa = PBXFileReference; lastKnownFileType = sourcecode.swift; path = ContentStackView.swift; sourceTree = "<group>"; };
		2DBB4EAB27EA0CDD00CEA2FB /* WelcomeBottomSheetView.swift */ = {isa = PBXFileReference; lastKnownFileType = sourcecode.swift; path = WelcomeBottomSheetView.swift; sourceTree = "<group>"; };
		2DBB4EAD27EA344F00CEA2FB /* BottomSheetView.swift */ = {isa = PBXFileReference; lastKnownFileType = sourcecode.swift; path = BottomSheetView.swift; sourceTree = "<group>"; };
		2DD2A64727E8DC9B00AC94D6 /* months videos */ = {isa = PBXFileReference; lastKnownFileType = folder; path = "months videos"; sourceTree = "<group>"; };
/* End PBXFileReference section */

/* Begin PBXFrameworksBuildPhase section */
		2D14F43627B56A7600F4A6AC /* Frameworks */ = {
			isa = PBXFrameworksBuildPhase;
			buildActionMask = 2147483647;
			files = (
			);
			runOnlyForDeploymentPostprocessing = 0;
		};
/* End PBXFrameworksBuildPhase section */

/* Begin PBXGroup section */
		2D14F43027B56A7600F4A6AC = {
			isa = PBXGroup;
			children = (
				2D14F43B27B56A7600F4A6AC /* IET Calendar */,
				2D14F43A27B56A7600F4A6AC /* Products */,
			);
			sourceTree = "<group>";
		};
		2D14F43A27B56A7600F4A6AC /* Products */ = {
			isa = PBXGroup;
			children = (
				2D14F43927B56A7600F4A6AC /* IET Calendar.app */,
			);
			name = Products;
			sourceTree = "<group>";
		};
		2D14F43B27B56A7600F4A6AC /* IET Calendar */ = {
			isa = PBXGroup;
			children = (
				2DD2A64727E8DC9B00AC94D6 /* months videos */,
				2D14F43C27B56A7600F4A6AC /* AppDelegate.swift */,
				2D14F43E27B56A7600F4A6AC /* SceneDelegate.swift */,
				2D14F44227B56A7600F4A6AC /* Main.storyboard */,
				2D14F44727B56A7A00F4A6AC /* LaunchScreen.storyboard */,
				2D084E7127BD610C0093FCC2 /* Assets.xcassets */,
				2D14F44A27B56A7A00F4A6AC /* Info.plist */,
				2DBB4EAF27EA392300CEA2FB /* BottomSheet */,
				2D14F45027B5754700F4A6AC /* Model */,
				2D14F45D27B575B800F4A6AC /* Resources */,
				2D47FB5927E378A200FC699F /* ViewContollers */,
			);
			path = "IET Calendar";
			sourceTree = "<group>";
		};
		2D14F45027B5754700F4A6AC /* Model */ = {
			isa = PBXGroup;
			children = (
				2D14F45227B5754700F4A6AC /* Month.swift */,
				2D14F45327B5754700F4A6AC /* ModelData.swift */,
				2D47FB5727E370F000FC699F /* ModelUtils.swift */,
				2D14F45127B5754700F4A6AC /* GuideTextBlock.swift */,
			);
			path = Model;
			sourceTree = "<group>";
		};
		2D14F45D27B575B800F4A6AC /* Resources */ = {
			isa = PBXGroup;
			children = (
				2D14F45727B5757F00F4A6AC /* guideTextBlocksData.json */,
				2D14F45827B5757F00F4A6AC /* monthsData.json */,
			);
			path = Resources;
			sourceTree = "<group>";
		};
		2D47FB5927E378A200FC699F /* ViewContollers */ = {
			isa = PBXGroup;
			children = (
				2D47FB5527E3624C00FC699F /* GuideViewController.swift */,
				2D47FB5A27E37FDC00FC699F /* MainViewController.swift */,
			);
			path = ViewContollers;
			sourceTree = "<group>";
		};
		2DBB4EAF27EA392300CEA2FB /* BottomSheet */ = {
			isa = PBXGroup;
			children = (
				2DBB4E9827E9D85200CEA2FB /* ContentStackView.swift */,
				2DBB4EAD27EA344F00CEA2FB /* BottomSheetView.swift */,
				2DBB4EAB27EA0CDD00CEA2FB /* WelcomeBottomSheetView.swift */,
			);
			path = BottomSheet;
			sourceTree = "<group>";
		};
/* End PBXGroup section */

/* Begin PBXNativeTarget section */
		2D14F43827B56A7600F4A6AC /* IET Calendar */ = {
			isa = PBXNativeTarget;
			buildConfigurationList = 2D14F44D27B56A7A00F4A6AC /* Build configuration list for PBXNativeTarget "IET Calendar" */;
			buildPhases = (
				2D14F43527B56A7600F4A6AC /* Sources */,
				2D14F43627B56A7600F4A6AC /* Frameworks */,
				2D14F43727B56A7600F4A6AC /* Resources */,
				2DA304D027E8D2A000906AFB /* Run Script */,
			);
			buildRules = (
			);
			dependencies = (
			);
			name = "IET Calendar";
			packageProductDependencies = (
			);
			productName = "IET Calendar";
			productReference = 2D14F43927B56A7600F4A6AC /* IET Calendar.app */;
			productType = "com.apple.product-type.application";
		};
/* End PBXNativeTarget section */

/* Begin PBXProject section */
		2D14F43127B56A7600F4A6AC /* Project object */ = {
			isa = PBXProject;
			attributes = {
				BuildIndependentTargetsInParallel = 1;
				LastSwiftUpdateCheck = 1320;
				LastUpgradeCheck = 1320;
				TargetAttributes = {
					2D14F43827B56A7600F4A6AC = {
						CreatedOnToolsVersion = 13.2.1;
					};
				};
			};
			buildConfigurationList = 2D14F43427B56A7600F4A6AC /* Build configuration list for PBXProject "IET Calendar" */;
			compatibilityVersion = "Xcode 13.0";
			developmentRegion = en;
			hasScannedForEncodings = 0;
			knownRegions = (
				en,
				Base,
			);
			mainGroup = 2D14F43027B56A7600F4A6AC;
			packageReferences = (
			);
			productRefGroup = 2D14F43A27B56A7600F4A6AC /* Products */;
			projectDirPath = "";
			projectRoot = "";
			targets = (
				2D14F43827B56A7600F4A6AC /* IET Calendar */,
			);
		};
/* End PBXProject section */

/* Begin PBXResourcesBuildPhase section */
		2D14F43727B56A7600F4A6AC /* Resources */ = {
			isa = PBXResourcesBuildPhase;
			buildActionMask = 2147483647;
			files = (
				2D14F44927B56A7A00F4A6AC /* LaunchScreen.storyboard in Resources */,
				2D14F45A27B5757F00F4A6AC /* monthsData.json in Resources */,
				2D14F44427B56A7600F4A6AC /* Main.storyboard in Resources */,
				2D084E7227BD610C0093FCC2 /* Assets.xcassets in Resources */,
				2DD2A64827E8DC9B00AC94D6 /* months videos in Resources */,
				2D14F45927B5757F00F4A6AC /* guideTextBlocksData.json in Resources */,
			);
			runOnlyForDeploymentPostprocessing = 0;
		};
/* End PBXResourcesBuildPhase section */

/* Begin PBXShellScriptBuildPhase section */
		2DA304D027E8D2A000906AFB /* Run Script */ = {
			isa = PBXShellScriptBuildPhase;
			buildActionMask = 2147483647;
			files = (
			);
			inputFileListPaths = (
			);
			inputPaths = (
			);
			name = "Run Script";
			outputFileListPaths = (
			);
			outputPaths = (
			);
			runOnlyForDeploymentPostprocessing = 0;
			shellPath = /bin/sh;
			shellScript = "REVEAL_APP_PATH=$(mdfind kMDItemCFBundleIdentifier=\"com.ittybittyapps.Reveal2\" | head -n 1)\nBUILD_SCRIPT_PATH=\"${REVEAL_APP_PATH}/Contents/SharedSupport/Scripts/reveal_server_build_phase.sh\"\nif [ \"${REVEAL_APP_PATH}\" -a -e \"${BUILD_SCRIPT_PATH}\" ]; then\n    \"${BUILD_SCRIPT_PATH}\"\nelse\n    echo \"Reveal Server not loaded: Cannot find a compatible Reveal app.\"\nfi\n";
		};
/* End PBXShellScriptBuildPhase section */

/* Begin PBXSourcesBuildPhase section */
		2D14F43527B56A7600F4A6AC /* Sources */ = {
			isa = PBXSourcesBuildPhase;
			buildActionMask = 2147483647;
			files = (
				2D47FB5827E370F000FC699F /* ModelUtils.swift in Sources */,
				2D47FB5627E3624C00FC699F /* GuideViewController.swift in Sources */,
				2D14F45427B5754700F4A6AC /* GuideTextBlock.swift in Sources */,
				2D14F43D27B56A7600F4A6AC /* AppDelegate.swift in Sources */,
				2D14F45527B5754700F4A6AC /* Month.swift in Sources */,
				2D47FB5B27E37FDC00FC699F /* MainViewController.swift in Sources */,
				2D14F43F27B56A7600F4A6AC /* SceneDelegate.swift in Sources */,
				2DBB4EAC27EA0CDD00CEA2FB /* WelcomeBottomSheetView.swift in Sources */,
				2DBB4EAE27EA344F00CEA2FB /* BottomSheetView.swift in Sources */,
				2DBB4E9927E9D85200CEA2FB /* ContentStackView.swift in Sources */,
				2D14F45627B5754700F4A6AC /* ModelData.swift in Sources */,
			);
			runOnlyForDeploymentPostprocessing = 0;
		};
/* End PBXSourcesBuildPhase section */

/* Begin PBXVariantGroup section */
		2D14F44227B56A7600F4A6AC /* Main.storyboard */ = {
			isa = PBXVariantGroup;
			children = (
				2D14F44327B56A7600F4A6AC /* Base */,
			);
			name = Main.storyboard;
			sourceTree = "<group>";
		};
		2D14F44727B56A7A00F4A6AC /* LaunchScreen.storyboard */ = {
			isa = PBXVariantGroup;
			children = (
				2D14F44827B56A7A00F4A6AC /* Base */,
			);
			name = LaunchScreen.storyboard;
			sourceTree = "<group>";
		};
/* End PBXVariantGroup section */

/* Begin XCBuildConfiguration section */
		2D14F44B27B56A7A00F4A6AC /* Debug */ = {
			isa = XCBuildConfiguration;
			buildSettings = {
				ALWAYS_SEARCH_USER_PATHS = NO;
				CLANG_ANALYZER_NONNULL = YES;
				CLANG_ANALYZER_NUMBER_OBJECT_CONVERSION = YES_AGGRESSIVE;
				CLANG_CXX_LANGUAGE_STANDARD = "gnu++17";
				CLANG_CXX_LIBRARY = "libc++";
				CLANG_ENABLE_MODULES = YES;
				CLANG_ENABLE_OBJC_ARC = YES;
				CLANG_ENABLE_OBJC_WEAK = YES;
				CLANG_WARN_BLOCK_CAPTURE_AUTORELEASING = YES;
				CLANG_WARN_BOOL_CONVERSION = YES;
				CLANG_WARN_COMMA = YES;
				CLANG_WARN_CONSTANT_CONVERSION = YES;
				CLANG_WARN_DEPRECATED_OBJC_IMPLEMENTATIONS = YES;
				CLANG_WARN_DIRECT_OBJC_ISA_USAGE = YES_ERROR;
				CLANG_WARN_DOCUMENTATION_COMMENTS = YES;
				CLANG_WARN_EMPTY_BODY = YES;
				CLANG_WARN_ENUM_CONVERSION = YES;
				CLANG_WARN_INFINITE_RECURSION = YES;
				CLANG_WARN_INT_CONVERSION = YES;
				CLANG_WARN_NON_LITERAL_NULL_CONVERSION = YES;
				CLANG_WARN_OBJC_IMPLICIT_RETAIN_SELF = YES;
				CLANG_WARN_OBJC_LITERAL_CONVERSION = YES;
				CLANG_WARN_OBJC_ROOT_CLASS = YES_ERROR;
				CLANG_WARN_QUOTED_INCLUDE_IN_FRAMEWORK_HEADER = YES;
				CLANG_WARN_RANGE_LOOP_ANALYSIS = YES;
				CLANG_WARN_STRICT_PROTOTYPES = YES;
				CLANG_WARN_SUSPICIOUS_MOVE = YES;
				CLANG_WARN_UNGUARDED_AVAILABILITY = YES_AGGRESSIVE;
				CLANG_WARN_UNREACHABLE_CODE = YES;
				CLANG_WARN__DUPLICATE_METHOD_MATCH = YES;
				COPY_PHASE_STRIP = NO;
				DEBUG_INFORMATION_FORMAT = dwarf;
				ENABLE_STRICT_OBJC_MSGSEND = YES;
				ENABLE_TESTABILITY = YES;
				GCC_C_LANGUAGE_STANDARD = gnu11;
				GCC_DYNAMIC_NO_PIC = NO;
				GCC_NO_COMMON_BLOCKS = YES;
				GCC_OPTIMIZATION_LEVEL = 0;
				GCC_PREPROCESSOR_DEFINITIONS = (
					"DEBUG=1",
					"$(inherited)",
				);
				GCC_WARN_64_TO_32_BIT_CONVERSION = YES;
				GCC_WARN_ABOUT_RETURN_TYPE = YES_ERROR;
				GCC_WARN_UNDECLARED_SELECTOR = YES;
				GCC_WARN_UNINITIALIZED_AUTOS = YES_AGGRESSIVE;
				GCC_WARN_UNUSED_FUNCTION = YES;
				GCC_WARN_UNUSED_VARIABLE = YES;
				IPHONEOS_DEPLOYMENT_TARGET = 14.0;
				MTL_ENABLE_DEBUG_INFO = INCLUDE_SOURCE;
				MTL_FAST_MATH = YES;
				ONLY_ACTIVE_ARCH = YES;
				SDKROOT = iphoneos;
				SWIFT_ACTIVE_COMPILATION_CONDITIONS = DEBUG;
				SWIFT_OPTIMIZATION_LEVEL = "-Onone";
			};
			name = Debug;
		};
		2D14F44C27B56A7A00F4A6AC /* Release */ = {
			isa = XCBuildConfiguration;
			buildSettings = {
				ALWAYS_SEARCH_USER_PATHS = NO;
				CLANG_ANALYZER_NONNULL = YES;
				CLANG_ANALYZER_NUMBER_OBJECT_CONVERSION = YES_AGGRESSIVE;
				CLANG_CXX_LANGUAGE_STANDARD = "gnu++17";
				CLANG_CXX_LIBRARY = "libc++";
				CLANG_ENABLE_MODULES = YES;
				CLANG_ENABLE_OBJC_ARC = YES;
				CLANG_ENABLE_OBJC_WEAK = YES;
				CLANG_WARN_BLOCK_CAPTURE_AUTORELEASING = YES;
				CLANG_WARN_BOOL_CONVERSION = YES;
				CLANG_WARN_COMMA = YES;
				CLANG_WARN_CONSTANT_CONVERSION = YES;
				CLANG_WARN_DEPRECATED_OBJC_IMPLEMENTATIONS = YES;
				CLANG_WARN_DIRECT_OBJC_ISA_USAGE = YES_ERROR;
				CLANG_WARN_DOCUMENTATION_COMMENTS = YES;
				CLANG_WARN_EMPTY_BODY = YES;
				CLANG_WARN_ENUM_CONVERSION = YES;
				CLANG_WARN_INFINITE_RECURSION = YES;
				CLANG_WARN_INT_CONVERSION = YES;
				CLANG_WARN_NON_LITERAL_NULL_CONVERSION = YES;
				CLANG_WARN_OBJC_IMPLICIT_RETAIN_SELF = YES;
				CLANG_WARN_OBJC_LITERAL_CONVERSION = YES;
				CLANG_WARN_OBJC_ROOT_CLASS = YES_ERROR;
				CLANG_WARN_QUOTED_INCLUDE_IN_FRAMEWORK_HEADER = YES;
				CLANG_WARN_RANGE_LOOP_ANALYSIS = YES;
				CLANG_WARN_STRICT_PROTOTYPES = YES;
				CLANG_WARN_SUSPICIOUS_MOVE = YES;
				CLANG_WARN_UNGUARDED_AVAILABILITY = YES_AGGRESSIVE;
				CLANG_WARN_UNREACHABLE_CODE = YES;
				CLANG_WARN__DUPLICATE_METHOD_MATCH = YES;
				COPY_PHASE_STRIP = NO;
				DEBUG_INFORMATION_FORMAT = "dwarf-with-dsym";
				ENABLE_NS_ASSERTIONS = NO;
				ENABLE_STRICT_OBJC_MSGSEND = YES;
				GCC_C_LANGUAGE_STANDARD = gnu11;
				GCC_NO_COMMON_BLOCKS = YES;
				GCC_WARN_64_TO_32_BIT_CONVERSION = YES;
				GCC_WARN_ABOUT_RETURN_TYPE = YES_ERROR;
				GCC_WARN_UNDECLARED_SELECTOR = YES;
				GCC_WARN_UNINITIALIZED_AUTOS = YES_AGGRESSIVE;
				GCC_WARN_UNUSED_FUNCTION = YES;
				GCC_WARN_UNUSED_VARIABLE = YES;
				IPHONEOS_DEPLOYMENT_TARGET = 14.0;
				MTL_ENABLE_DEBUG_INFO = NO;
				MTL_FAST_MATH = YES;
				SDKROOT = iphoneos;
				SWIFT_COMPILATION_MODE = wholemodule;
				SWIFT_OPTIMIZATION_LEVEL = "-O";
				VALIDATE_PRODUCT = YES;
			};
			name = Release;
		};
		2D14F44E27B56A7A00F4A6AC /* Debug */ = {
			isa = XCBuildConfiguration;
			buildSettings = {
				ASSETCATALOG_COMPILER_APPICON_NAME = AppIcon;
				ASSETCATALOG_COMPILER_GLOBAL_ACCENT_COLOR_NAME = AccentColor;
				CODE_SIGN_STYLE = Automatic;
				CURRENT_PROJECT_VERSION = 1;
				DEVELOPMENT_TEAM = 4ZFUK8Q28K;
				GENERATE_INFOPLIST_FILE = YES;
				INFOPLIST_FILE = "IET Calendar/Info.plist";
				INFOPLIST_KEY_UIApplicationSupportsIndirectInputEvents = YES;
				INFOPLIST_KEY_UILaunchStoryboardName = LaunchScreen;
				INFOPLIST_KEY_UIMainStoryboardFile = Main;
				INFOPLIST_KEY_UISupportedInterfaceOrientations_iPad = "UIInterfaceOrientationPortrait UIInterfaceOrientationPortraitUpsideDown UIInterfaceOrientationLandscapeLeft UIInterfaceOrientationLandscapeRight";
				INFOPLIST_KEY_UISupportedInterfaceOrientations_iPhone = "UIInterfaceOrientationPortrait UIInterfaceOrientationLandscapeLeft UIInterfaceOrientationLandscapeRight";
				LD_RUNPATH_SEARCH_PATHS = (
					"$(inherited)",
					"@executable_path/Frameworks",
				);
				MARKETING_VERSION = 1.0;
				PRODUCT_BUNDLE_IDENTIFIER = "com.avpetrov.IET-Calendar";
				PRODUCT_NAME = "$(TARGET_NAME)";
				SWIFT_EMIT_LOC_STRINGS = YES;
				SWIFT_VERSION = 5.0;
				TARGETED_DEVICE_FAMILY = "1,2";
			};
			name = Debug;
		};
		2D14F44F27B56A7A00F4A6AC /* Release */ = {
			isa = XCBuildConfiguration;
			buildSettings = {
				ASSETCATALOG_COMPILER_APPICON_NAME = AppIcon;
				ASSETCATALOG_COMPILER_GLOBAL_ACCENT_COLOR_NAME = AccentColor;
				CODE_SIGN_STYLE = Automatic;
				CURRENT_PROJECT_VERSION = 1;
				DEVELOPMENT_TEAM = 4ZFUK8Q28K;
				GENERATE_INFOPLIST_FILE = YES;
				INFOPLIST_FILE = "IET Calendar/Info.plist";
				INFOPLIST_KEY_UIApplicationSupportsIndirectInputEvents = YES;
				INFOPLIST_KEY_UILaunchStoryboardName = LaunchScreen;
				INFOPLIST_KEY_UIMainStoryboardFile = Main;
				INFOPLIST_KEY_UISupportedInterfaceOrientations_iPad = "UIInterfaceOrientationPortrait UIInterfaceOrientationPortraitUpsideDown UIInterfaceOrientationLandscapeLeft UIInterfaceOrientationLandscapeRight";
				INFOPLIST_KEY_UISupportedInterfaceOrientations_iPhone = "UIInterfaceOrientationPortrait UIInterfaceOrientationLandscapeLeft UIInterfaceOrientationLandscapeRight";
				LD_RUNPATH_SEARCH_PATHS = (
					"$(inherited)",
					"@executable_path/Frameworks",
				);
				MARKETING_VERSION = 1.0;
				PRODUCT_BUNDLE_IDENTIFIER = "com.avpetrov.IET-Calendar";
				PRODUCT_NAME = "$(TARGET_NAME)";
				SWIFT_EMIT_LOC_STRINGS = YES;
				SWIFT_VERSION = 5.0;
				TARGETED_DEVICE_FAMILY = "1,2";
			};
			name = Release;
		};
/* End XCBuildConfiguration section */

/* Begin XCConfigurationList section */
		2D14F43427B56A7600F4A6AC /* Build configuration list for PBXProject "IET Calendar" */ = {
			isa = XCConfigurationList;
			buildConfigurations = (
				2D14F44B27B56A7A00F4A6AC /* Debug */,
				2D14F44C27B56A7A00F4A6AC /* Release */,
			);
			defaultConfigurationIsVisible = 0;
			defaultConfigurationName = Release;
		};
		2D14F44D27B56A7A00F4A6AC /* Build configuration list for PBXNativeTarget "IET Calendar" */ = {
			isa = XCConfigurationList;
			buildConfigurations = (
				2D14F44E27B56A7A00F4A6AC /* Debug */,
				2D14F44F27B56A7A00F4A6AC /* Release */,
			);
			defaultConfigurationIsVisible = 0;
			defaultConfigurationName = Release;
		};
/* End XCConfigurationList section */
	};
	rootObject = 2D14F43127B56A7600F4A6AC /* Project object */;
}
